{
  "name": "persistence-files-mongodb",
  "version": "1.0.0",
  "lockfileVersion": 1,
  "requires": true,
  "dependencies": {
    "formidable": {
      "version": "1.2.1",
      "resolved": "https://registry.npmjs.org/formidable/-/formidable-1.2.1.tgz",
      "integrity": "sha512-Fs9VRguL0gqGHkXS5GQiMCr1VhZBxz0JnJs4JmMp/2jL18Fmbzvv7vOFRU+U8TBkHEE/CX1qDXzJplVULgsLeg=="
    },
    "minimist": {
      "version": "0.0.8",
      "resolved": "https://registry.npmjs.org/minimist/-/minimist-0.0.8.tgz",
      "integrity": "sha1-hX/Kv8M5fSYluCKCYuhqp6ARsF0="
    },
    "mkdirp": {
      "version": "0.5.1",
      "resolved": "https://registry.npmjs.org/mkdirp/-/mkdirp-0.5.1.tgz",
      "integrity": "sha1-MAV0OOrGz3+MR2fzhkjWaX11yQM=",
      "requires": {
        "minimist": "0.0.8"
      }
    },
    "nanoid": {
      "version": "1.1.0",
      "resolved": "https://registry.npmjs.org/nanoid/-/nanoid-1.1.0.tgz",
      "integrity": "sha512-iOCqgXieGrk8/wDt1n9rZS2KB1dYVssemY0NTWjfzVr+1t1gAmdTp1u2+YHppKro3Bk5S+Gs+xmYCfpuXauYXQ=="
    },
    "shortid": {
      "version": "2.2.12",
      "resolved": "https://registry.npmjs.org/shortid/-/shortid-2.2.12.tgz",
      "integrity": "sha512-sw0knB/ioTu/jVYgJz1IP1b5uhPZtZYwQ9ir/EqXZHI4+Jh8rzzGLM3LKptGHBKoDsgTBDfr4yCRNUX7hEIksQ==",
      "requires": {
        "nanoid": "1.1.0"
      }
    }
  }
}
